
Microsoft Visual Studio Solution File, Format Version 12.00
# Visual Studio Version 17
VisualStudioVersion = 17.9.34728.123
MinimumVisualStudioVersion = 10.0.40219.1
Project("{FAE04EC0-301F-11D3-BF4B-00C04F79EFBC}") = "basiccrud", "basiccrud.csproj", "{F2949F32-3728-4529-846D-749B5BCD9869}"
EndProject
Global
	GlobalSection(SolutionConfigurationPlatforms) = preSolution
		Debug|Any CPU = Debug|Any CPU
		Release|Any CPU = Release|Any CPU
	EndGlobalSection
	GlobalSection(ProjectConfigurationPlatforms) = postSolution
		{F2949F32-3728-4529-846D-749B5BCD9869}.Debug|Any CPU.ActiveCfg = Debug|Any CPU
		{F2949F32-3728-4529-846D-749B5BCD9869}.Debug|Any CPU.Build.0 = Debug|Any CPU
		{F2949F32-3728-4529-846D-749B5BCD9869}.Release|Any CPU.ActiveCfg = Release|Any CPU
		{F2949F32-3728-4529-846D-749B5BCD9869}.Release|Any CPU.Build.0 = Release|Any CPU
	EndGlobalSection
	GlobalSection(SolutionProperties) = preSolution
		HideSolutionNode = FALSE
	EndGlobalSection
	GlobalSection(ExtensibilityGlobals) = postSolution
		SolutionGuid = {F8456BD8-4866-46E0-8F9F-0878C41A5DAF}
	EndGlobalSection
EndGlobal
